Microsoft Visual Studio Solution File, Format Version 12.00
# Visual Studio Version 17
VisualStudioVersion = 17.5.2.0
MinimumVisualStudioVersion = 10.0.40219.1
Project("{FAE04EC0-301F-11D3-BF4B-00C04F79EFBC}") = "TournamentTracker", "TournamentTracker\TournamentTracker.csproj", "{0179D840-0758-AE5A-E9FF-3D1A98AF4070}"
EndProject
Global
	GlobalSection(SolutionConfigurationPlatforms) = preSolution
		Debug|Any CPU = Debug|Any CPU
		Release|Any CPU = Release|Any CPU
	EndGlobalSection
	GlobalSection(ProjectConfigurationPlatforms) = postSolution
		{0179D840-0758-AE5A-E9FF-3D1A98AF4070}.Debug|Any CPU.ActiveCfg = Debug|Any CPU
		{0179D840-0758-AE5A-E9FF-3D1A98AF4070}.Debug|Any CPU.Build.0 = Debug|Any CPU
		{0179D840-0758-AE5A-E9FF-3D1A98AF4070}.Release|Any CPU.ActiveCfg = Release|Any CPU
		{0179D840-0758-AE5A-E9FF-3D1A98AF4070}.Release|Any CPU.Build.0 = Release|Any CPU
	EndGlobalSection
	GlobalSection(SolutionProperties) = preSolution
		HideSolutionNode = FALSE
	EndGlobalSection
	GlobalSection(ExtensibilityGlobals) = postSolution
		SolutionGuid = {95222F6E-21EE-448A-96E7-54B737E4524B}
	EndGlobalSection
EndGlobal
